
Microsoft Visual Studio Solution File, Format Version 12.00
# Visual Studio Version 17
VisualStudioVersion = 17.7.34031.279
MinimumVisualStudioVersion = 10.0.40219.1
Project("{FAE04EC0-301F-11D3-BF4B-00C04F79EFBC}") = "WpfApp1", "WpfApp1\WpfApp1.csproj", "{BBC330F1-19DC-4747-8AE0-4729A6AD9279}"
EndProject
Global
	GlobalSection(SolutionConfigurationPlatforms) = preSolution
		Debug|Any CPU = Debug|Any CPU
		Release|Any CPU = Release|Any CPU
	EndGlobalSection
	GlobalSection(ProjectConfigurationPlatforms) = postSolution
		{BBC330F1-19DC-4747-8AE0-4729A6AD9279}.Debug|Any CPU.ActiveCfg = Debug|Any CPU
		{BBC330F1-19DC-4747-8AE0-4729A6AD9279}.Debug|Any CPU.Build.0 = Debug|Any CPU
		{BBC330F1-19DC-4747-8AE0-4729A6AD9279}.Release|Any CPU.ActiveCfg = Release|Any CPU
		{BBC330F1-19DC-4747-8AE0-4729A6AD9279}.Release|Any CPU.Build.0 = Release|Any CPU
	EndGlobalSection
	GlobalSection(SolutionProperties) = preSolution
		HideSolutionNode = FALSE
	EndGlobalSection
	GlobalSection(ExtensibilityGlobals) = postSolution
		SolutionGuid = {753CA2DC-51F0-4EAC-88F0-2A6DF5F518B5}
	EndGlobalSection
EndGlobal
